
Microsoft Visual Studio Solution File, Format Version 12.00
# Visual Studio Version 17
VisualStudioVersion = 17.7.34031.279
MinimumVisualStudioVersion = 10.0.40219.1
Project("{8BC9CEB8-8B4A-11D0-8D11-00A0C91BC942}") = "五.1.3", "五.1.3\五.1.3.vcxproj", "{80319DE8-0D04-452F-91F4-2F361C81340C}"
EndProject
Global
	GlobalSection(SolutionConfigurationPlatforms) = preSolution
		Debug|x64 = Debug|x64
		Debug|x86 = Debug|x86
		Release|x64 = Release|x64
		Release|x86 = Release|x86
	EndGlobalSection
	GlobalSection(ProjectConfigurationPlatforms) = postSolution
		{80319DE8-0D04-452F-91F4-2F361C81340C}.Debug|x64.ActiveCfg = Debug|x64
		{80319DE8-0D04-452F-91F4-2F361C81340C}.Debug|x64.Build.0 = Debug|x64
		{80319DE8-0D04-452F-91F4-2F361C81340C}.Debug|x86.ActiveCfg = Debug|Win32
		{80319DE8-0D04-452F-91F4-2F361C81340C}.Debug|x86.Build.0 = Debug|Win32
		{80319DE8-0D04-452F-91F4-2F361C81340C}.Release|x64.ActiveCfg = Release|x64
		{80319DE8-0D04-452F-91F4-2F361C81340C}.Release|x64.Build.0 = Release|x64
		{80319DE8-0D04-452F-91F4-2F361C81340C}.Release|x86.ActiveCfg = Release|Win32
		{80319DE8-0D04-452F-91F4-2F361C81340C}.Release|x86.Build.0 = Release|Win32
	EndGlobalSection
	GlobalSection(SolutionProperties) = preSolution
		HideSolutionNode = FALSE
	EndGlobalSection
	GlobalSection(ExtensibilityGlobals) = postSolution
		SolutionGuid = {D803FC7E-FF1F-40A1-ACBA-CADCB8815447}
	EndGlobalSection
EndGlobal
